// !$*UTF8*$!
{
	archiveVersion = 1;
	classes = {
	};
	objectVersion = 50;
	objects = {

/* Begin PBXBuildFile section */
		275AA55826A6F828008B8877 /* NetworkClient.swift in Sources */ = {isa = PBXBuildFile; fileRef = 275AA55726A6F828008B8877 /* NetworkClient.swift */; };
		275AA55A26A7034E008B8877 /* Photo.swift in Sources */ = {isa = PBXBuildFile; fileRef = 275AA55926A7034E008B8877 /* Photo.swift */; };
		275AA55C26A703B3008B8877 /* PhotoResponse.swift in Sources */ = {isa = PBXBuildFile; fileRef = 275AA55B26A703B3008B8877 /* PhotoResponse.swift */; };
		275AA55E26A7070D008B8877 /* PhotoCell.swift in Sources */ = {isa = PBXBuildFile; fileRef = 275AA55D26A7070D008B8877 /* PhotoCell.swift */; };
		27D56EBD26A6F3E90076B828 /* AppDelegate.swift in Sources */ = {isa = PBXBuildFile; fileRef = 27D56EBC26A6F3E90076B828 /* AppDelegate.swift */; };
		27D56EBF26A6F3E90076B828 /* ViewController.swift in Sources */ = {isa = PBXBuildFile; fileRef = 27D56EBE26A6F3E90076B828 /* ViewController.swift */; };
		27D56EC226A6F3E90076B828 /* Main.storyboard in Resources */ = {isa = PBXBuildFile; fileRef = 27D56EC026A6F3E90076B828 /* Main.storyboard */; };
		27D56EC426A6F3EC0076B828 /* Assets.xcassets in Resources */ = {isa = PBXBuildFile; fileRef = 27D56EC326A6F3EC0076B828 /* Assets.xcassets */; };
		27D56EC726A6F3EC0076B828 /* LaunchScreen.storyboard in Resources */ = {isa = PBXBuildFile; fileRef = 27D56EC526A6F3EC0076B828 /* LaunchScreen.storyboard */; };
		A703E0A427F87B3C00DC418F /* MainScreenViewModel.swift in Sources */ = {isa = PBXBuildFile; fileRef = A703E0A327F87B3C00DC418F /* MainScreenViewModel.swift */; };
		A703E0A627F87C5300DC418F /* PhotoRepositoryImpl.swift in Sources */ = {isa = PBXBuildFile; fileRef = A703E0A527F87C5300DC418F /* PhotoRepositoryImpl.swift */; };
		A703E0AF27F87D3600DC418F /* BaseTarget.swift in Sources */ = {isa = PBXBuildFile; fileRef = A703E0AE27F87D3600DC418F /* BaseTarget.swift */; };
		A703E0B127F87D9F00DC418F /* NetworkService.swift in Sources */ = {isa = PBXBuildFile; fileRef = A703E0B027F87D9F00DC418F /* NetworkService.swift */; };
		A7660E1827FA0EB2003708C2 /* AM_ExerciseTests.swift in Sources */ = {isa = PBXBuildFile; fileRef = A7660E1727FA0EB2003708C2 /* AM_ExerciseTests.swift */; };
/* End PBXBuildFile section */

/* Begin PBXContainerItemProxy section */
		A7660E1927FA0EB3003708C2 /* PBXContainerItemProxy */ = {
			isa = PBXContainerItemProxy;
			containerPortal = 27D56EB126A6F3E90076B828 /* Project object */;
			proxyType = 1;
			remoteGlobalIDString = 27D56EB826A6F3E90076B828;
			remoteInfo = "AM-Exercise";
		};
/* End PBXContainerItemProxy section */

/* Begin PBXFileReference section */
		275AA55726A6F828008B8877 /* NetworkClient.swift */ = {isa = PBXFileReference; indentWidth = 5; lastKnownFileType = sourcecode.swift; path = NetworkClient.swift; sourceTree = "<group>"; };
		275AA55926A7034E008B8877 /* Photo.swift */ = {isa = PBXFileReference; lastKnownFileType = sourcecode.swift; path = Photo.swift; sourceTree = "<group>"; };
		275AA55B26A703B3008B8877 /* PhotoResponse.swift */ = {isa = PBXFileReference; lastKnownFileType = sourcecode.swift; path = PhotoResponse.swift; sourceTree = "<group>"; };
		275AA55D26A7070D008B8877 /* PhotoCell.swift */ = {isa = PBXFileReference; lastKnownFileType = sourcecode.swift; path = PhotoCell.swift; sourceTree = "<group>"; };
		27D56EB926A6F3E90076B828 /* AM-Exercise.app */ = {isa = PBXFileReference; explicitFileType = wrapper.application; includeInIndex = 0; path = "AM-Exercise.app"; sourceTree = BUILT_PRODUCTS_DIR; };
		27D56EBC26A6F3E90076B828 /* AppDelegate.swift */ = {isa = PBXFileReference; lastKnownFileType = sourcecode.swift; path = AppDelegate.swift; sourceTree = "<group>"; };
		27D56EBE26A6F3E90076B828 /* ViewController.swift */ = {isa = PBXFileReference; lastKnownFileType = sourcecode.swift; path = ViewController.swift; sourceTree = "<group>"; };
		27D56EC126A6F3E90076B828 /* Base */ = {isa = PBXFileReference; lastKnownFileType = file.storyboard; name = Base; path = Base.lproj/Main.storyboard; sourceTree = "<group>"; };
		27D56EC326A6F3EC0076B828 /* Assets.xcassets */ = {isa = PBXFileReference; lastKnownFileType = folder.assetcatalog; path = Assets.xcassets; sourceTree = "<group>"; };
		27D56EC626A6F3EC0076B828 /* Base */ = {isa = PBXFileReference; lastKnownFileType = file.storyboard; name = Base; path = Base.lproj/LaunchScreen.storyboard; sourceTree = "<group>"; };
		27D56EC826A6F3EC0076B828 /* Info.plist */ = {isa = PBXFileReference; lastKnownFileType = text.plist.xml; path = Info.plist; sourceTree = "<group>"; };
		A703E0A327F87B3C00DC418F /* MainScreenViewModel.swift */ = {isa = PBXFileReference; lastKnownFileType = sourcecode.swift; path = MainScreenViewModel.swift; sourceTree = "<group>"; };
		A703E0A527F87C5300DC418F /* PhotoRepositoryImpl.swift */ = {isa = PBXFileReference; lastKnownFileType = sourcecode.swift; path = PhotoRepositoryImpl.swift; sourceTree = "<group>"; };
		A703E0AE27F87D3600DC418F /* BaseTarget.swift */ = {isa = PBXFileReference; lastKnownFileType = sourcecode.swift; path = BaseTarget.swift; sourceTree = "<group>"; };
		A703E0B027F87D9F00DC418F /* NetworkService.swift */ = {isa = PBXFileReference; lastKnownFileType = sourcecode.swift; path = NetworkService.swift; sourceTree = "<group>"; };
		A7660E1527FA0EB2003708C2 /* AM-ExerciseTests.xctest */ = {isa = PBXFileReference; explicitFileType = wrapper.cfbundle; includeInIndex = 0; path = "AM-ExerciseTests.xctest"; sourceTree = BUILT_PRODUCTS_DIR; };
		A7660E1727FA0EB2003708C2 /* AM_ExerciseTests.swift */ = {isa = PBXFileReference; lastKnownFileType = sourcecode.swift; path = AM_ExerciseTests.swift; sourceTree = "<group>"; };
/* End PBXFileReference section */

/* Begin PBXFrameworksBuildPhase section */
		27D56EB626A6F3E90076B828 /* Frameworks */ = {
			isa = PBXFrameworksBuildPhase;
			buildActionMask = 2147483647;
			files = (
			);
			runOnlyForDeploymentPostprocessing = 0;
		};
		A7660E1227FA0EB2003708C2 /* Frameworks */ = {
			isa = PBXFrameworksBuildPhase;
			buildActionMask = 2147483647;
			files = (
			);
			runOnlyForDeploymentPostprocessing = 0;
		};
/* End PBXFrameworksBuildPhase section */

/* Begin PBXGroup section */
		275AA55626A6F80D008B8877 /* Helpers */ = {
			isa = PBXGroup;
			children = (
			);
			path = Helpers;
			sourceTree = "<group>";
		};
		27D56EB026A6F3E90076B828 = {
			isa = PBXGroup;
			children = (
				27D56EBB26A6F3E90076B828 /* AM-Exercise */,
				A7660E1627FA0EB2003708C2 /* AM-ExerciseTests */,
				27D56EBA26A6F3E90076B828 /* Products */,
			);
			sourceTree = "<group>";
		};
		27D56EBA26A6F3E90076B828 /* Products */ = {
			isa = PBXGroup;
			children = (
				27D56EB926A6F3E90076B828 /* AM-Exercise.app */,
				A7660E1527FA0EB2003708C2 /* AM-ExerciseTests.xctest */,
			);
			name = Products;
			sourceTree = "<group>";
		};
		27D56EBB26A6F3E90076B828 /* AM-Exercise */ = {
			isa = PBXGroup;
			children = (
				A703E0A227F87B1000DC418F /* Services */,
				A703E0A027F87AEE00DC418F /* Feature */,
				A703E09E27F87AE300DC418F /* Data */,
				275AA55626A6F80D008B8877 /* Helpers */,
				27D56EBC26A6F3E90076B828 /* AppDelegate.swift */,
				27D56EC026A6F3E90076B828 /* Main.storyboard */,
				27D56EC326A6F3EC0076B828 /* Assets.xcassets */,
				27D56EC526A6F3EC0076B828 /* LaunchScreen.storyboard */,
				27D56EC826A6F3EC0076B828 /* Info.plist */,
			);
			path = "AM-Exercise";
			sourceTree = "<group>";
		};
		A703E09E27F87AE300DC418F /* Data */ = {
			isa = PBXGroup;
			children = (
				A703E0A727F87C9300DC418F /* MainScreen */,
			);
			path = Data;
			sourceTree = "<group>";
		};
		A703E0A027F87AEE00DC418F /* Feature */ = {
			isa = PBXGroup;
			children = (
				A7660E1027FA0D9E003708C2 /* Model */,
				A703E0A127F87AFB00DC418F /* MainScreen */,
			);
			path = Feature;
			sourceTree = "<group>";
		};
		A703E0A127F87AFB00DC418F /* MainScreen */ = {
			isa = PBXGroup;
			children = (
				A7660E0A27F8B757003708C2 /* ViewModel */,
				A7660E0927F8B74A003708C2 /* Views */,
			);
			path = MainScreen;
			sourceTree = "<group>";
		};
		A703E0A227F87B1000DC418F /* Services */ = {
			isa = PBXGroup;
			children = (
				275AA55726A6F828008B8877 /* NetworkClient.swift */,
				A703E0AE27F87D3600DC418F /* BaseTarget.swift */,
				A703E0B027F87D9F00DC418F /* NetworkService.swift */,
			);
			path = Services;
			sourceTree = "<group>";
		};
		A703E0A727F87C9300DC418F /* MainScreen */ = {
			isa = PBXGroup;
			children = (
				A7660E0D27FA07C6003708C2 /* Dto */,
				A703E0A527F87C5300DC418F /* PhotoRepositoryImpl.swift */,
			);
			path = MainScreen;
			sourceTree = "<group>";
		};
		A7660E0927F8B74A003708C2 /* Views */ = {
			isa = PBXGroup;
			children = (
				27D56EBE26A6F3E90076B828 /* ViewController.swift */,
				275AA55D26A7070D008B8877 /* PhotoCell.swift */,
			);
			path = Views;
			sourceTree = "<group>";
		};
		A7660E0A27F8B757003708C2 /* ViewModel */ = {
			isa = PBXGroup;
			children = (
				A703E0A327F87B3C00DC418F /* MainScreenViewModel.swift */,
			);
			path = ViewModel;
			sourceTree = "<group>";
		};
		A7660E0D27FA07C6003708C2 /* Dto */ = {
			isa = PBXGroup;
			children = (
			);
			path = Dto;
			sourceTree = "<group>";
		};
		A7660E1027FA0D9E003708C2 /* Model */ = {
			isa = PBXGroup;
			children = (
				275AA55B26A703B3008B8877 /* PhotoResponse.swift */,
				275AA55926A7034E008B8877 /* Photo.swift */,
			);
			path = Model;
			sourceTree = "<group>";
		};
		A7660E1627FA0EB2003708C2 /* AM-ExerciseTests */ = {
			isa = PBXGroup;
			children = (
				A7660E1E27FA0EC0003708C2 /* Feature */,
				A7660E1727FA0EB2003708C2 /* AM_ExerciseTests.swift */,
			);
			path = "AM-ExerciseTests";
			sourceTree = "<group>";
		};
		A7660E1E27FA0EC0003708C2 /* Feature */ = {
			isa = PBXGroup;
			children = (
				A7660E1F27FA0EC7003708C2 /* MainScreen */,
			);
			path = Feature;
			sourceTree = "<group>";
		};
		A7660E1F27FA0EC7003708C2 /* MainScreen */ = {
			isa = PBXGroup;
			children = (
				A7660E2027FA0ECE003708C2 /* ViewModel */,
			);
			path = MainScreen;
			sourceTree = "<group>";
		};
		A7660E2027FA0ECE003708C2 /* ViewModel */ = {
			isa = PBXGroup;
			children = (
			);
			path = ViewModel;
			sourceTree = "<group>";
		};
/* End PBXGroup section */

/* Begin PBXNativeTarget section */
		27D56EB826A6F3E90076B828 /* AM-Exercise */ = {
			isa = PBXNativeTarget;
			buildConfigurationList = 27D56ECB26A6F3EC0076B828 /* Build configuration list for PBXNativeTarget "AM-Exercise" */;
			buildPhases = (
				27D56EB526A6F3E90076B828 /* Sources */,
				27D56EB626A6F3E90076B828 /* Frameworks */,
				27D56EB726A6F3E90076B828 /* Resources */,
			);
			buildRules = (
			);
			dependencies = (
			);
			name = "AM-Exercise";
			productName = "AM-Exercise";
			productReference = 27D56EB926A6F3E90076B828 /* AM-Exercise.app */;
			productType = "com.apple.product-type.application";
		};
		A7660E1427FA0EB2003708C2 /* AM-ExerciseTests */ = {
			isa = PBXNativeTarget;
			buildConfigurationList = A7660E1B27FA0EB3003708C2 /* Build configuration list for PBXNativeTarget "AM-ExerciseTests" */;
			buildPhases = (
				A7660E1127FA0EB2003708C2 /* Sources */,
				A7660E1227FA0EB2003708C2 /* Frameworks */,
				A7660E1327FA0EB2003708C2 /* Resources */,
			);
			buildRules = (
			);
			dependencies = (
				A7660E1A27FA0EB3003708C2 /* PBXTargetDependency */,
			);
			name = "AM-ExerciseTests";
			productName = "AM-ExerciseTests";
			productReference = A7660E1527FA0EB2003708C2 /* AM-ExerciseTests.xctest */;
			productType = "com.apple.product-type.bundle.unit-test";
		};
/* End PBXNativeTarget section */

/* Begin PBXProject section */
		27D56EB126A6F3E90076B828 /* Project object */ = {
			isa = PBXProject;
			attributes = {
				LastSwiftUpdateCheck = 1320;
				LastUpgradeCheck = 1000;
				ORGANIZATIONNAME = "Michael Mavris";
				TargetAttributes = {
					27D56EB826A6F3E90076B828 = {
						CreatedOnToolsVersion = 10.0;
					};
					A7660E1427FA0EB2003708C2 = {
						CreatedOnToolsVersion = 13.2.1;
						TestTargetID = 27D56EB826A6F3E90076B828;
					};
				};
			};
			buildConfigurationList = 27D56EB426A6F3E90076B828 /* Build configuration list for PBXProject "AM-Exercise" */;
			compatibilityVersion = "Xcode 9.3";
			developmentRegion = en;
			hasScannedForEncodings = 0;
			knownRegions = (
				en,
				Base,
			);
			mainGroup = 27D56EB026A6F3E90076B828;
			productRefGroup = 27D56EBA26A6F3E90076B828 /* Products */;
			projectDirPath = "";
			projectRoot = "";
			targets = (
				27D56EB826A6F3E90076B828 /* AM-Exercise */,
				A7660E1427FA0EB2003708C2 /* AM-ExerciseTests */,
			);
		};
/* End PBXProject section */

/* Begin PBXResourcesBuildPhase section */
		27D56EB726A6F3E90076B828 /* Resources */ = {
			isa = PBXResourcesBuildPhase;
			buildActionMask = 2147483647;
			files = (
				27D56EC726A6F3EC0076B828 /* LaunchScreen.storyboard in Resources */,
				27D56EC426A6F3EC0076B828 /* Assets.xcassets in Resources */,
				27D56EC226A6F3E90076B828 /* Main.storyboard in Resources */,
			);
			runOnlyForDeploymentPostprocessing = 0;
		};
		A7660E1327FA0EB2003708C2 /* Resources */ = {
			isa = PBXResourcesBuildPhase;
			buildActionMask = 2147483647;
			files = (
			);
			runOnlyForDeploymentPostprocessing = 0;
		};
/* End PBXResourcesBuildPhase section */

/* Begin PBXSourcesBuildPhase section */
		27D56EB526A6F3E90076B828 /* Sources */ = {
			isa = PBXSourcesBuildPhase;
			buildActionMask = 2147483647;
			files = (
				A703E0B127F87D9F00DC418F /* NetworkService.swift in Sources */,
				275AA55A26A7034E008B8877 /* Photo.swift in Sources */,
				A703E0AF27F87D3600DC418F /* BaseTarget.swift in Sources */,
				A703E0A427F87B3C00DC418F /* MainScreenViewModel.swift in Sources */,
				A703E0A627F87C5300DC418F /* PhotoRepositoryImpl.swift in Sources */,
				27D56EBF26A6F3E90076B828 /* ViewController.swift in Sources */,
				27D56EBD26A6F3E90076B828 /* AppDelegate.swift in Sources */,
				275AA55C26A703B3008B8877 /* PhotoResponse.swift in Sources */,
				275AA55E26A7070D008B8877 /* PhotoCell.swift in Sources */,
				275AA55826A6F828008B8877 /* NetworkClient.swift in Sources */,
			);
			runOnlyForDeploymentPostprocessing = 0;
		};
		A7660E1127FA0EB2003708C2 /* Sources */ = {
			isa = PBXSourcesBuildPhase;
			buildActionMask = 2147483647;
			files = (
				A7660E1827FA0EB2003708C2 /* AM_ExerciseTests.swift in Sources */,
			);
			runOnlyForDeploymentPostprocessing = 0;
		};
/* End PBXSourcesBuildPhase section */

/* Begin PBXTargetDependency section */
		A7660E1A27FA0EB3003708C2 /* PBXTargetDependency */ = {
			isa = PBXTargetDependency;
			target = 27D56EB826A6F3E90076B828 /* AM-Exercise */;
			targetProxy = A7660E1927FA0EB3003708C2 /* PBXContainerItemProxy */;
		};
/* End PBXTargetDependency section */

/* Begin PBXVariantGroup section */
		27D56EC026A6F3E90076B828 /* Main.storyboard */ = {
			isa = PBXVariantGroup;
			children = (
				27D56EC126A6F3E90076B828 /* Base */,
			);
			name = Main.storyboard;
			sourceTree = "<group>";
		};
		27D56EC526A6F3EC0076B828 /* LaunchScreen.storyboard */ = {
			isa = PBXVariantGroup;
			children = (
				27D56EC626A6F3EC0076B828 /* Base */,
			);
			name = LaunchScreen.storyboard;
			sourceTree = "<group>";
		};
/* End PBXVariantGroup section */

/* Begin XCBuildConfiguration section */
		27D56EC926A6F3EC0076B828 /* Debug */ = {
			isa = XCBuildConfiguration;
			buildSettings = {
				ALWAYS_SEARCH_USER_PATHS = NO;
				CLANG_ANALYZER_NONNULL = YES;
				CLANG_ANALYZER_NUMBER_OBJECT_CONVERSION = YES_AGGRESSIVE;
				CLANG_CXX_LANGUAGE_STANDARD = "gnu++14";
				CLANG_CXX_LIBRARY = "libc++";
				CLANG_ENABLE_MODULES = YES;
				CLANG_ENABLE_OBJC_ARC = YES;
				CLANG_ENABLE_OBJC_WEAK = YES;
				CLANG_WARN_BLOCK_CAPTURE_AUTORELEASING = YES;
				CLANG_WARN_BOOL_CONVERSION = YES;
				CLANG_WARN_COMMA = YES;
				CLANG_WARN_CONSTANT_CONVERSION = YES;
				CLANG_WARN_DEPRECATED_OBJC_IMPLEMENTATIONS = YES;
				CLANG_WARN_DIRECT_OBJC_ISA_USAGE = YES_ERROR;
				CLANG_WARN_DOCUMENTATION_COMMENTS = YES;
				CLANG_WARN_EMPTY_BODY = YES;
				CLANG_WARN_ENUM_CONVERSION = YES;
				CLANG_WARN_INFINITE_RECURSION = YES;
				CLANG_WARN_INT_CONVERSION = YES;
				CLANG_WARN_NON_LITERAL_NULL_CONVERSION = YES;
				CLANG_WARN_OBJC_IMPLICIT_RETAIN_SELF = YES;
				CLANG_WARN_OBJC_LITERAL_CONVERSION = YES;
				CLANG_WARN_OBJC_ROOT_CLASS = YES_ERROR;
				CLANG_WARN_RANGE_LOOP_ANALYSIS = YES;
				CLANG_WARN_STRICT_PROTOTYPES = YES;
				CLANG_WARN_SUSPICIOUS_MOVE = YES;
				CLANG_WARN_UNGUARDED_AVAILABILITY = YES_AGGRESSIVE;
				CLANG_WARN_UNREACHABLE_CODE = YES;
				CLANG_WARN__DUPLICATE_METHOD_MATCH = YES;
				CODE_SIGN_IDENTITY = "iPhone Developer";
				COPY_PHASE_STRIP = NO;
				DEBUG_INFORMATION_FORMAT = dwarf;
				ENABLE_STRICT_OBJC_MSGSEND = YES;
				ENABLE_TESTABILITY = YES;
				GCC_C_LANGUAGE_STANDARD = gnu11;
				GCC_DYNAMIC_NO_PIC = NO;
				GCC_NO_COMMON_BLOCKS = YES;
				GCC_OPTIMIZATION_LEVEL = 0;
				GCC_PREPROCESSOR_DEFINITIONS = (
					"DEBUG=1",
					"$(inherited)",
				);
				GCC_WARN_64_TO_32_BIT_CONVERSION = YES;
				GCC_WARN_ABOUT_RETURN_TYPE = YES_ERROR;
				GCC_WARN_UNDECLARED_SELECTOR = YES;
				GCC_WARN_UNINITIALIZED_AUTOS = YES_AGGRESSIVE;
				GCC_WARN_UNUSED_FUNCTION = YES;
				GCC_WARN_UNUSED_VARIABLE = YES;
				IPHONEOS_DEPLOYMENT_TARGET = 12.0;
				MTL_ENABLE_DEBUG_INFO = INCLUDE_SOURCE;
				MTL_FAST_MATH = YES;
				ONLY_ACTIVE_ARCH = YES;
				SDKROOT = iphoneos;
				SWIFT_ACTIVE_COMPILATION_CONDITIONS = DEBUG;
				SWIFT_OPTIMIZATION_LEVEL = "-Onone";
			};
			name = Debug;
		};
		27D56ECA26A6F3EC0076B828 /* Release */ = {
			isa = XCBuildConfiguration;
			buildSettings = {
				ALWAYS_SEARCH_USER_PATHS = NO;
				CLANG_ANALYZER_NONNULL = YES;
				CLANG_ANALYZER_NUMBER_OBJECT_CONVERSION = YES_AGGRESSIVE;
				CLANG_CXX_LANGUAGE_STANDARD = "gnu++14";
				CLANG_CXX_LIBRARY = "libc++";
				CLANG_ENABLE_MODULES = YES;
				CLANG_ENABLE_OBJC_ARC = YES;
				CLANG_ENABLE_OBJC_WEAK = YES;
				CLANG_WARN_BLOCK_CAPTURE_AUTORELEASING = YES;
				CLANG_WARN_BOOL_CONVERSION = YES;
				CLANG_WARN_COMMA = YES;
				CLANG_WARN_CONSTANT_CONVERSION = YES;
				CLANG_WARN_DEPRECATED_OBJC_IMPLEMENTATIONS = YES;
				CLANG_WARN_DIRECT_OBJC_ISA_USAGE = YES_ERROR;
				CLANG_WARN_DOCUMENTATION_COMMENTS = YES;
				CLANG_WARN_EMPTY_BODY = YES;
				CLANG_WARN_ENUM_CONVERSION = YES;
				CLANG_WARN_INFINITE_RECURSION = YES;
				CLANG_WARN_INT_CONVERSION = YES;
				CLANG_WARN_NON_LITERAL_NULL_CONVERSION = YES;
				CLANG_WARN_OBJC_IMPLICIT_RETAIN_SELF = YES;
				CLANG_WARN_OBJC_LITERAL_CONVERSION = YES;
				CLANG_WARN_OBJC_ROOT_CLASS = YES_ERROR;
				CLANG_WARN_RANGE_LOOP_ANALYSIS = YES;
				CLANG_WARN_STRICT_PROTOTYPES = YES;
				CLANG_WARN_SUSPICIOUS_MOVE = YES;
				CLANG_WARN_UNGUARDED_AVAILABILITY = YES_AGGRESSIVE;
				CLANG_WARN_UNREACHABLE_CODE = YES;
				CLANG_WARN__DUPLICATE_METHOD_MATCH = YES;
				CODE_SIGN_IDENTITY = "iPhone Developer";
				COPY_PHASE_STRIP = NO;
				DEBUG_INFORMATION_FORMAT = "dwarf-with-dsym";
				ENABLE_NS_ASSERTIONS = NO;
				ENABLE_STRICT_OBJC_MSGSEND = YES;
				GCC_C_LANGUAGE_STANDARD = gnu11;
				GCC_NO_COMMON_BLOCKS = YES;
				GCC_WARN_64_TO_32_BIT_CONVERSION = YES;
				GCC_WARN_ABOUT_RETURN_TYPE = YES_ERROR;
				GCC_WARN_UNDECLARED_SELECTOR = YES;
				GCC_WARN_UNINITIALIZED_AUTOS = YES_AGGRESSIVE;
				GCC_WARN_UNUSED_FUNCTION = YES;
				GCC_WARN_UNUSED_VARIABLE = YES;
				IPHONEOS_DEPLOYMENT_TARGET = 12.0;
				MTL_ENABLE_DEBUG_INFO = NO;
				MTL_FAST_MATH = YES;
				SDKROOT = iphoneos;
				SWIFT_COMPILATION_MODE = wholemodule;
				SWIFT_OPTIMIZATION_LEVEL = "-O";
				VALIDATE_PRODUCT = YES;
			};
			name = Release;
		};
		27D56ECC26A6F3EC0076B828 /* Debug */ = {
			isa = XCBuildConfiguration;
			buildSettings = {
				ASSETCATALOG_COMPILER_APPICON_NAME = AppIcon;
				CODE_SIGN_STYLE = Automatic;
				DEVELOPMENT_TEAM = 8G8P7VEP6N;
				INFOPLIST_FILE = "AM-Exercise/Info.plist";
				LD_RUNPATH_SEARCH_PATHS = (
					"$(inherited)",
					"@executable_path/Frameworks",
				);
				PRODUCT_BUNDLE_IDENTIFIER = info.dainiak;
				PRODUCT_NAME = "$(TARGET_NAME)";
				SWIFT_VERSION = 4.2;
				TARGETED_DEVICE_FAMILY = "1,2";
			};
			name = Debug;
		};
		27D56ECD26A6F3EC0076B828 /* Release */ = {
			isa = XCBuildConfiguration;
			buildSettings = {
				ASSETCATALOG_COMPILER_APPICON_NAME = AppIcon;
				CODE_SIGN_STYLE = Automatic;
				DEVELOPMENT_TEAM = 8G8P7VEP6N;
				INFOPLIST_FILE = "AM-Exercise/Info.plist";
				LD_RUNPATH_SEARCH_PATHS = (
					"$(inherited)",
					"@executable_path/Frameworks",
				);
				PRODUCT_BUNDLE_IDENTIFIER = info.dainiak;
				PRODUCT_NAME = "$(TARGET_NAME)";
				SWIFT_VERSION = 4.2;
				TARGETED_DEVICE_FAMILY = "1,2";
			};
			name = Release;
		};
		A7660E1C27FA0EB3003708C2 /* Debug */ = {
			isa = XCBuildConfiguration;
			buildSettings = {
				BUNDLE_LOADER = "$(TEST_HOST)";
				CLANG_CXX_LANGUAGE_STANDARD = "gnu++17";
				CLANG_WARN_QUOTED_INCLUDE_IN_FRAMEWORK_HEADER = YES;
				CODE_SIGN_STYLE = Automatic;
				CURRENT_PROJECT_VERSION = 1;
				DEVELOPMENT_TEAM = 5D4VP52UZN;
				GENERATE_INFOPLIST_FILE = YES;
				IPHONEOS_DEPLOYMENT_TARGET = 15.2;
				MARKETING_VERSION = 1.0;
				PRODUCT_BUNDLE_IDENTIFIER = "tests.AM-ExerciseTests";
				PRODUCT_NAME = "$(TARGET_NAME)";
				SWIFT_EMIT_LOC_STRINGS = NO;
				SWIFT_VERSION = 5.0;
				TARGETED_DEVICE_FAMILY = "1,2";
				TEST_HOST = "$(BUILT_PRODUCTS_DIR)/AM-Exercise.app/AM-Exercise";
			};
			name = Debug;
		};
		A7660E1D27FA0EB3003708C2 /* Release */ = {
			isa = XCBuildConfiguration;
			buildSettings = {
				BUNDLE_LOADER = "$(TEST_HOST)";
				CLANG_CXX_LANGUAGE_STANDARD = "gnu++17";
				CLANG_WARN_QUOTED_INCLUDE_IN_FRAMEWORK_HEADER = YES;
				CODE_SIGN_STYLE = Automatic;
				CURRENT_PROJECT_VERSION = 1;
				DEVELOPMENT_TEAM = 5D4VP52UZN;
				GENERATE_INFOPLIST_FILE = YES;
				IPHONEOS_DEPLOYMENT_TARGET = 15.2;
				MARKETING_VERSION = 1.0;
				PRODUCT_BUNDLE_IDENTIFIER = "tests.AM-ExerciseTests";
				PRODUCT_NAME = "$(TARGET_NAME)";
				SWIFT_EMIT_LOC_STRINGS = NO;
				SWIFT_VERSION = 5.0;
				TARGETED_DEVICE_FAMILY = "1,2";
				TEST_HOST = "$(BUILT_PRODUCTS_DIR)/AM-Exercise.app/AM-Exercise";
			};
			name = Release;
		};
/* End XCBuildConfiguration section */

/* Begin XCConfigurationList section */
		27D56EB426A6F3E90076B828 /* Build configuration list for PBXProject "AM-Exercise" */ = {
			isa = XCConfigurationList;
			buildConfigurations = (
				27D56EC926A6F3EC0076B828 /* Debug */,
				27D56ECA26A6F3EC0076B828 /* Release */,
			);
			defaultConfigurationIsVisible = 0;
			defaultConfigurationName = Release;
		};
		27D56ECB26A6F3EC0076B828 /* Build configuration list for PBXNativeTarget "AM-Exercise" */ = {
			isa = XCConfigurationList;
			buildConfigurations = (
				27D56ECC26A6F3EC0076B828 /* Debug */,
				27D56ECD26A6F3EC0076B828 /* Release */,
			);
			defaultConfigurationIsVisible = 0;
			defaultConfigurationName = Release;
		};
		A7660E1B27FA0EB3003708C2 /* Build configuration list for PBXNativeTarget "AM-ExerciseTests" */ = {
			isa = XCConfigurationList;
			buildConfigurations = (
				A7660E1C27FA0EB3003708C2 /* Debug */,
				A7660E1D27FA0EB3003708C2 /* Release */,
			);
			defaultConfigurationIsVisible = 0;
			defaultConfigurationName = Release;
		};
/* End XCConfigurationList section */
	};
	rootObject = 27D56EB126A6F3E90076B828 /* Project object */;
}
